{
  "nodes": {
    "blueprint": {
      "inputs": {
        "nixpkgs": [
          "llm-agents",
          "nixpkgs"
        ],
        "systems": "systems"
      },
      "locked": {
        "lastModified": 1771437256,
        "narHash": "sha256-bLqwib+rtyBRRVBWhMuBXPCL/OThfokA+j6+uH7jDGU=",
        "owner": "numtide",
        "repo": "blueprint",
        "rev": "06ee7190dc2620ea98af9eb225aa9627b68b0e33",
        "type": "github"
      },
      "original": {
        "owner": "numtide",
        "repo": "blueprint",
        "type": "github"
      }
    },
    "brew-api": {
      "flake": false,
      "locked": {
        "lastModified": 1771585863,
        "narHash": "sha256-U04Eke1p4UT/iXcxK+h4aBeJkVXCXzt0pE2TUOqiwT4=",
        "owner": "BatteredBunny",
        "repo": "brew-api",
        "rev": "8a31a9156670ef743ca8a034d324de6a7c814421",
        "type": "github"
      },
      "original": {
        "owner": "BatteredBunny",
        "repo": "brew-api",
        "type": "github"
      }
    },
    "brew-nix": {
      "inputs": {
        "brew-api": [
          "brew-api"
        ],
        "nix-darwin": [
          "nix-darwin"
        ],
        "nixpkgs": [
          "nixpkgs"
        ]
      },
      "locked": {
        "lastModified": 1764779851,
        "narHash": "sha256-7WrgeIYBEuFG7DZtS8dio0y9nvRHf3otk7oqsPIoECs=",
        "owner": "BatteredBunny",
        "repo": "brew-nix",
        "rev": "b314426c17667bcebd73ed7e57ecae2bac9755cf",
        "type": "github"
      },
      "original": {
        "owner": "BatteredBunny",
        "repo": "brew-nix",
        "type": "github"
      }
    },
    "claude-code-overlay": {
      "inputs": {
        "nixpkgs": [
          "nixpkgs"
        ]
      },
      "locked": {
        "lastModified": 1771545876,
        "narHash": "sha256-piFqdWc5+VM/Fy2XeaLXGpg6pQMtzS9vfu+eH2jfztM=",
        "owner": "ryoppippi",
        "repo": "claude-code-overlay",
        "rev": "b4b0a7288a7f72701d531b0d470222d8e890e5d0",
        "type": "github"
      },
      "original": {
        "owner": "ryoppippi",
        "repo": "claude-code-overlay",
        "type": "github"
      }
    },
    "crane": {
      "locked": {
        "lastModified": 1771796463,
        "narHash": "sha256-9bCDuUzpwJXcHMQYMS1yNuzYMmKO/CCwCexpjWOl62I=",
        "owner": "ipetkov",
        "repo": "crane",
        "rev": "3d3de3313e263e04894f284ac18177bd26169bad",
        "type": "github"
      },
      "original": {
        "owner": "ipetkov",
        "repo": "crane",
        "type": "github"
      }
    },
    "flake-utils": {
      "inputs": {
        "systems": "systems_2"
      },
      "locked": {
        "lastModified": 1731533236,
        "narHash": "sha256-l0KFg5HjrsfsO/JpG+r7fRrqm12kzFHyUHqHCVpMMbI=",
        "owner": "numtide",
        "repo": "flake-utils",
        "rev": "11707dc2f618dd54ca8739b309ec4fc024de578b",
        "type": "github"
      },
      "original": {
        "owner": "numtide",
        "repo": "flake-utils",
        "type": "github"
      }
    },
    "home-manager": {
      "inputs": {
        "nixpkgs": [
          "nixpkgs"
        ]
      },
      "locked": {
        "lastModified": 1771531206,
        "narHash": "sha256-1R3Wx6KUkMb4x4E5UOhW9p6rqiexzSGGWxZqSHqW5n0=",
        "owner": "nix-community",
        "repo": "home-manager",
        "rev": "91be7cce763fa4022c7cf025a71b0c366d1b6e77",
        "type": "github"
      },
      "original": {
        "owner": "nix-community",
        "repo": "home-manager",
        "type": "github"
      }
    },
    "llm-agents": {
      "inputs": {
        "blueprint": "blueprint",
        "nixpkgs": [
          "nixpkgs"
        ],
        "treefmt-nix": "treefmt-nix"
      },
      "locked": {
        "lastModified": 1771585787,
        "narHash": "sha256-COF64jTXUhrNbxXcGhxfbyvtUPgwgnq9fMwpzixVqRs=",
        "owner": "numtide",
        "repo": "llm-agents.nix",
        "rev": "1e3c4c73a4a30d2b6f4054b4ec9f508a009a25ad",
        "type": "github"
      },
      "original": {
        "owner": "numtide",
        "repo": "llm-agents.nix",
        "type": "github"
      }
    },
    "nix-darwin": {
      "inputs": {
        "nixpkgs": [
          "nixpkgs"
        ]
      },
      "locked": {
        "lastModified": 1771520882,
        "narHash": "sha256-9SeTZ4Pwr730YfT7V8Azb8GFbwk1ZwiQDAwft3qAD+o=",
        "owner": "LnL7",
        "repo": "nix-darwin",
        "rev": "6a7fdcd5839ec8b135821179eea3b58092171bcf",
        "type": "github"
      },
      "original": {
        "owner": "LnL7",
        "repo": "nix-darwin",
        "type": "github"
      }
    },
    "nixpkgs": {
      "locked": {
        "lastModified": 1771207753,
        "narHash": "sha256-b9uG8yN50DRQ6A7JdZBfzq718ryYrlmGgqkRm9OOwCE=",
        "owner": "NixOS",
        "repo": "nixpkgs",
        "rev": "d1c15b7d5806069da59e819999d70e1cec0760bf",
        "type": "github"
      },
      "original": {
        "owner": "NixOS",
        "ref": "nixpkgs-unstable",
        "repo": "nixpkgs",
        "type": "github"
      }
    },
    "op-broker": {
      "inputs": {
        "crane": "crane",
        "flake-utils": "flake-utils",
        "nixpkgs": [
          "nixpkgs"
        ],
        "rust-overlay": "rust-overlay"
      },
      "locked": {
        "lastModified": 1771855898,
        "narHash": "sha256-l38r3ZxVwZ2pHTw7hNcsrflqJaipirhiMeXXjBuLczI=",
        "owner": "Hosshii",
        "repo": "op-broker",
        "rev": "2fe542a212c7a9296ebabf7a684d6c950453c3a8",
        "type": "github"
      },
      "original": {
        "owner": "Hosshii",
        "repo": "op-broker",
        "type": "github"
      }
    },
    "root": {
      "inputs": {
        "brew-api": "brew-api",
        "brew-nix": "brew-nix",
        "claude-code-overlay": "claude-code-overlay",
        "home-manager": "home-manager",
        "llm-agents": "llm-agents",
        "nix-darwin": "nix-darwin",
        "nixpkgs": "nixpkgs",
        "op-broker": "op-broker"
      }
    },
    "rust-overlay": {
      "inputs": {
        "nixpkgs": [
          "op-broker",
          "nixpkgs"
        ]
      },
      "locked": {
        "lastModified": 1771816254,
        "narHash": "sha256-vkp3iTF6QmHMvL+34DI93IiMPjS2lqcMlA1fl7nXVsQ=",
        "owner": "oxalica",
        "repo": "rust-overlay",
        "rev": "085bdbf5dde5477538e4c87d1684b6c6df56c0ad",
        "type": "github"
      },
      "original": {
        "owner": "oxalica",
        "repo": "rust-overlay",
        "type": "github"
      }
    },
    "systems": {
      "locked": {
        "lastModified": 1681028828,
        "narHash": "sha256-Vy1rq5AaRuLzOxct8nz4T6wlgyUR7zLU309k9mBC768=",
        "owner": "nix-systems",
        "repo": "default",
        "rev": "da67096a3b9bf56a91d16901293e51ba5b49a27e",
        "type": "github"
      },
      "original": {
        "owner": "nix-systems",
        "repo": "default",
        "type": "github"
      }
    },
    "systems_2": {
      "locked": {
        "lastModified": 1681028828,
        "narHash": "sha256-Vy1rq5AaRuLzOxct8nz4T6wlgyUR7zLU309k9mBC768=",
        "owner": "nix-systems",
        "repo": "default",
        "rev": "da67096a3b9bf56a91d16901293e51ba5b49a27e",
        "type": "github"
      },
      "original": {
        "owner": "nix-systems",
        "repo": "default",
        "type": "github"
      }
    },
    "treefmt-nix": {
      "inputs": {
        "nixpkgs": [
          "llm-agents",
          "nixpkgs"
        ]
      },
      "locked": {
        "lastModified": 1770228511,
        "narHash": "sha256-wQ6NJSuFqAEmIg2VMnLdCnUc0b7vslUohqqGGD+Fyxk=",
        "owner": "numtide",
        "repo": "treefmt-nix",
        "rev": "337a4fe074be1042a35086f15481d763b8ddc0e7",
        "type": "github"
      },
      "original": {
        "owner": "numtide",
        "repo": "treefmt-nix",
        "type": "github"
      }
    }
  },
  "root": "root",
  "version": 7
}
